
Microsoft Visual Studio Solution File, Format Version 12.00
# Visual Studio Version 17
VisualStudioVersion = 17.5.002.0
MinimumVisualStudioVersion = 10.0.40219.1
Project("{9A19103F-16F7-4668-BE54-9A1E7A4F7556}") = "HzdTextureExplorer", "HzdTextureExplorer\HzdTextureExplorer.csproj", "{07F1B53A-655F-4666-95F9-92C69B57302A}"
EndProject
Project("{FAE04EC0-301F-11D3-BF4B-00C04F79EFBC}") = "HzdTextureCli", "HzdTextureCli\HzdTextureCli.csproj", "{EA819799-F972-4921-98B4-4D86F9923721}"
EndProject
Project("{FAE04EC0-301F-11D3-BF4B-00C04F79EFBC}") = "HzdTextureLib", "HzdTextureLib\HzdTextureLib.csproj", "{FA5759AB-AA34-4C10-9B9B-82CCD5B08AD9}"
EndProject
Global
	GlobalSection(SolutionConfigurationPlatforms) = preSolution
		Debug|Any CPU = Debug|Any CPU
		Release|Any CPU = Release|Any CPU
	EndGlobalSection
	GlobalSection(ProjectConfigurationPlatforms) = postSolution
		{07F1B53A-655F-4666-95F9-92C69B57302A}.Debug|Any CPU.ActiveCfg = Debug|Any CPU
		{07F1B53A-655F-4666-95F9-92C69B57302A}.Debug|Any CPU.Build.0 = Debug|Any CPU
		{07F1B53A-655F-4666-95F9-92C69B57302A}.Release|Any CPU.ActiveCfg = Release|Any CPU
		{07F1B53A-655F-4666-95F9-92C69B57302A}.Release|Any CPU.Build.0 = Release|Any CPU
		{EA819799-F972-4921-98B4-4D86F9923721}.Debug|Any CPU.ActiveCfg = Debug|Any CPU
		{EA819799-F972-4921-98B4-4D86F9923721}.Debug|Any CPU.Build.0 = Debug|Any CPU
		{EA819799-F972-4921-98B4-4D86F9923721}.Release|Any CPU.ActiveCfg = Release|Any CPU
		{EA819799-F972-4921-98B4-4D86F9923721}.Release|Any CPU.Build.0 = Release|Any CPU
		{FA5759AB-AA34-4C10-9B9B-82CCD5B08AD9}.Debug|Any CPU.ActiveCfg = Debug|Any CPU
		{FA5759AB-AA34-4C10-9B9B-82CCD5B08AD9}.Debug|Any CPU.Build.0 = Debug|Any CPU
		{FA5759AB-AA34-4C10-9B9B-82CCD5B08AD9}.Release|Any CPU.ActiveCfg = Release|Any CPU
		{FA5759AB-AA34-4C10-9B9B-82CCD5B08AD9}.Release|Any CPU.Build.0 = Release|Any CPU
	EndGlobalSection
	GlobalSection(SolutionProperties) = preSolution
		HideSolutionNode = FALSE
	EndGlobalSection
	GlobalSection(ExtensibilityGlobals) = postSolution
		SolutionGuid = {C2EB33D6-F361-4D25-BF85-F0C15B440972}
	EndGlobalSection
EndGlobal
